
Microsoft Visual Studio Solution File, Format Version 12.00
# Visual Studio 15
VisualStudioVersion = 15.0.26124.0
MinimumVisualStudioVersion = 15.0.26124.0
Project("{2150E333-8FDC-42A3-9474-1A3956D46DE8}") = "src", "src", "{A43C9270-5B94-40EC-8B73-382DAE301F2C}"
EndProject
Project("{FAE04EC0-301F-11D3-BF4B-00C04F79EFBC}") = "Moogie.Queues", "src\Moogie.Queues\Moogie.Queues.csproj", "{C4C9A0D4-AB9D-4B06-8D12-554D45DD84B7}"
EndProject
Project("{2150E333-8FDC-42A3-9474-1A3956D46DE8}") = "test", "test", "{64406983-CC8F-4573-ADEC-F73F80FBFF0F}"
EndProject
Project("{FAE04EC0-301F-11D3-BF4B-00C04F79EFBC}") = "Moogie.Queues.Tests", "test\Moogie.Queues.Tests\Moogie.Queues.Tests.csproj", "{6152D850-B780-4EFA-9947-7EC074B1E54B}"
EndProject
Project("{FAE04EC0-301F-11D3-BF4B-00C04F79EFBC}") = "Moogie.Queues.Providers.AzureTableStorage", "src\Moogie.Queues.Providers.AzureTableStorage\Moogie.Queues.Providers.AzureTableStorage.csproj", "{AECCB7EB-C0F7-4592-A4A3-E0A60EE79CDC}"
EndProject
Project("{FAE04EC0-301F-11D3-BF4B-00C04F79EFBC}") = "Moogie.Queues.Providers.AmazonSQS", "src\Moogie.Queues.Providers.AmazonSQS\Moogie.Queues.Providers.AmazonSQS.csproj", "{076607E0-4F22-44FC-A715-D1656FED72CB}"
EndProject
Project("{FAE04EC0-301F-11D3-BF4B-00C04F79EFBC}") = "Moogie.Queues.Tests.Providers.AmazonSQS", "test\Moogie.Queues.Tests.Providers.AmazonSQS\Moogie.Queues.Tests.Providers.AmazonSQS.csproj", "{FEEF877A-BA7B-4377-9F85-3D43872C45EA}"
EndProject
Project("{FAE04EC0-301F-11D3-BF4B-00C04F79EFBC}") = "Moogie.Queues.Tests.Providers.AzureTableStorage", "test\Moogie.Queues.Tests.Providers.AzureTableStorage\Moogie.Queues.Tests.Providers.AzureTableStorage.csproj", "{95569CF1-B21C-4544-AF14-90FF7BA5527C}"
EndProject
Project("{FAE04EC0-301F-11D3-BF4B-00C04F79EFBC}") = "Moogie.Queues.Abstractions", "src\Moogie.Queues.Abstractions\Moogie.Queues.Abstractions.csproj", "{6401119C-671A-4F42-8B1F-DB6C3DE0B77D}"
EndProject
Project("{FAE04EC0-301F-11D3-BF4B-00C04F79EFBC}") = "Moogie.Queues.Providers.Memory", "src\Moogie.Queues.Providers.Memory\Moogie.Queues.Providers.Memory.csproj", "{DCAF69B4-E932-4283-8836-CDC827B31135}"
EndProject
Project("{FAE04EC0-301F-11D3-BF4B-00C04F79EFBC}") = "Moogie.Queues.Tests.Providers.Memory", "test\Moogie.Queues.Tests.Providers.Memory\Moogie.Queues.Tests.Providers.Memory.csproj", "{A2F11F83-1EB3-44D1-BE8F-8A5AB31A769C}"
EndProject
Project("{FAE04EC0-301F-11D3-BF4B-00C04F79EFBC}") = "Moogie.Queues.Providers.Core", "src\Moogie.Queues.Providers.Core\Moogie.Queues.Providers.Core.csproj", "{520220FB-B046-4456-A1E0-3882A4DFD218}"
EndProject
Global
	GlobalSection(SolutionConfigurationPlatforms) = preSolution
		Debug|Any CPU = Debug|Any CPU
		Debug|x64 = Debug|x64
		Debug|x86 = Debug|x86
		Release|Any CPU = Release|Any CPU
		Release|x64 = Release|x64
		Release|x86 = Release|x86
	EndGlobalSection
	GlobalSection(SolutionProperties) = preSolution
		HideSolutionNode = FALSE
	EndGlobalSection
	GlobalSection(ProjectConfigurationPlatforms) = postSolution
		{C4C9A0D4-AB9D-4B06-8D12-554D45DD84B7}.Debug|Any CPU.ActiveCfg = Debug|Any CPU
		{C4C9A0D4-AB9D-4B06-8D12-554D45DD84B7}.Debug|Any CPU.Build.0 = Debug|Any CPU
		{C4C9A0D4-AB9D-4B06-8D12-554D45DD84B7}.Debug|x64.ActiveCfg = Debug|Any CPU
		{C4C9A0D4-AB9D-4B06-8D12-554D45DD84B7}.Debug|x64.Build.0 = Debug|Any CPU
		{C4C9A0D4-AB9D-4B06-8D12-554D45DD84B7}.Debug|x86.ActiveCfg = Debug|Any CPU
		{C4C9A0D4-AB9D-4B06-8D12-554D45DD84B7}.Debug|x86.Build.0 = Debug|Any CPU
		{C4C9A0D4-AB9D-4B06-8D12-554D45DD84B7}.Release|Any CPU.ActiveCfg = Release|Any CPU
		{C4C9A0D4-AB9D-4B06-8D12-554D45DD84B7}.Release|Any CPU.Build.0 = Release|Any CPU
		{C4C9A0D4-AB9D-4B06-8D12-554D45DD84B7}.Release|x64.ActiveCfg = Release|Any CPU
		{C4C9A0D4-AB9D-4B06-8D12-554D45DD84B7}.Release|x64.Build.0 = Release|Any CPU
		{C4C9A0D4-AB9D-4B06-8D12-554D45DD84B7}.Release|x86.ActiveCfg = Release|Any CPU
		{C4C9A0D4-AB9D-4B06-8D12-554D45DD84B7}.Release|x86.Build.0 = Release|Any CPU
		{6152D850-B780-4EFA-9947-7EC074B1E54B}.Debug|Any CPU.ActiveCfg = Debug|Any CPU
		{6152D850-B780-4EFA-9947-7EC074B1E54B}.Debug|Any CPU.Build.0 = Debug|Any CPU
		{6152D850-B780-4EFA-9947-7EC074B1E54B}.Debug|x64.ActiveCfg = Debug|Any CPU
		{6152D850-B780-4EFA-9947-7EC074B1E54B}.Debug|x64.Build.0 = Debug|Any CPU
		{6152D850-B780-4EFA-9947-7EC074B1E54B}.Debug|x86.ActiveCfg = Debug|Any CPU
		{6152D850-B780-4EFA-9947-7EC074B1E54B}.Debug|x86.Build.0 = Debug|Any CPU
		{6152D850-B780-4EFA-9947-7EC074B1E54B}.Release|Any CPU.ActiveCfg = Release|Any CPU
		{6152D850-B780-4EFA-9947-7EC074B1E54B}.Release|Any CPU.Build.0 = Release|Any CPU
		{6152D850-B780-4EFA-9947-7EC074B1E54B}.Release|x64.ActiveCfg = Release|Any CPU
		{6152D850-B780-4EFA-9947-7EC074B1E54B}.Release|x64.Build.0 = Release|Any CPU
		{6152D850-B780-4EFA-9947-7EC074B1E54B}.Release|x86.ActiveCfg = Release|Any CPU
		{6152D850-B780-4EFA-9947-7EC074B1E54B}.Release|x86.Build.0 = Release|Any CPU
		{AECCB7EB-C0F7-4592-A4A3-E0A60EE79CDC}.Debug|Any CPU.ActiveCfg = Debug|Any CPU
		{AECCB7EB-C0F7-4592-A4A3-E0A60EE79CDC}.Debug|Any CPU.Build.0 = Debug|Any CPU
		{AECCB7EB-C0F7-4592-A4A3-E0A60EE79CDC}.Debug|x64.ActiveCfg = Debug|Any CPU
		{AECCB7EB-C0F7-4592-A4A3-E0A60EE79CDC}.Debug|x64.Build.0 = Debug|Any CPU
		{AECCB7EB-C0F7-4592-A4A3-E0A60EE79CDC}.Debug|x86.ActiveCfg = Debug|Any CPU
		{AECCB7EB-C0F7-4592-A4A3-E0A60EE79CDC}.Debug|x86.Build.0 = Debug|Any CPU
		{AECCB7EB-C0F7-4592-A4A3-E0A60EE79CDC}.Release|Any CPU.ActiveCfg = Release|Any CPU
		{AECCB7EB-C0F7-4592-A4A3-E0A60EE79CDC}.Release|Any CPU.Build.0 = Release|Any CPU
		{AECCB7EB-C0F7-4592-A4A3-E0A60EE79CDC}.Release|x64.ActiveCfg = Release|Any CPU
		{AECCB7EB-C0F7-4592-A4A3-E0A60EE79CDC}.Release|x64.Build.0 = Release|Any CPU
		{AECCB7EB-C0F7-4592-A4A3-E0A60EE79CDC}.Release|x86.ActiveCfg = Release|Any CPU
		{AECCB7EB-C0F7-4592-A4A3-E0A60EE79CDC}.Release|x86.Build.0 = Release|Any CPU
		{076607E0-4F22-44FC-A715-D1656FED72CB}.Debug|Any CPU.ActiveCfg = Debug|Any CPU
		{076607E0-4F22-44FC-A715-D1656FED72CB}.Debug|Any CPU.Build.0 = Debug|Any CPU
		{076607E0-4F22-44FC-A715-D1656FED72CB}.Debug|x64.ActiveCfg = Debug|Any CPU
		{076607E0-4F22-44FC-A715-D1656FED72CB}.Debug|x64.Build.0 = Debug|Any CPU
		{076607E0-4F22-44FC-A715-D1656FED72CB}.Debug|x86.ActiveCfg = Debug|Any CPU
		{076607E0-4F22-44FC-A715-D1656FED72CB}.Debug|x86.Build.0 = Debug|Any CPU
		{076607E0-4F22-44FC-A715-D1656FED72CB}.Release|Any CPU.ActiveCfg = Release|Any CPU
		{076607E0-4F22-44FC-A715-D1656FED72CB}.Release|Any CPU.Build.0 = Release|Any CPU
		{076607E0-4F22-44FC-A715-D1656FED72CB}.Release|x64.ActiveCfg = Release|Any CPU
		{076607E0-4F22-44FC-A715-D1656FED72CB}.Release|x64.Build.0 = Release|Any CPU
		{076607E0-4F22-44FC-A715-D1656FED72CB}.Release|x86.ActiveCfg = Release|Any CPU
		{076607E0-4F22-44FC-A715-D1656FED72CB}.Release|x86.Build.0 = Release|Any CPU
		{FEEF877A-BA7B-4377-9F85-3D43872C45EA}.Debug|Any CPU.ActiveCfg = Debug|Any CPU
		{FEEF877A-BA7B-4377-9F85-3D43872C45EA}.Debug|Any CPU.Build.0 = Debug|Any CPU
		{FEEF877A-BA7B-4377-9F85-3D43872C45EA}.Debug|x64.ActiveCfg = Debug|Any CPU
		{FEEF877A-BA7B-4377-9F85-3D43872C45EA}.Debug|x64.Build.0 = Debug|Any CPU
		{FEEF877A-BA7B-4377-9F85-3D43872C45EA}.Debug|x86.ActiveCfg = Debug|Any CPU
		{FEEF877A-BA7B-4377-9F85-3D43872C45EA}.Debug|x86.Build.0 = Debug|Any CPU
		{FEEF877A-BA7B-4377-9F85-3D43872C45EA}.Release|Any CPU.ActiveCfg = Release|Any CPU
		{FEEF877A-BA7B-4377-9F85-3D43872C45EA}.Release|Any CPU.Build.0 = Release|Any CPU
		{FEEF877A-BA7B-4377-9F85-3D43872C45EA}.Release|x64.ActiveCfg = Release|Any CPU
		{FEEF877A-BA7B-4377-9F85-3D43872C45EA}.Release|x64.Build.0 = Release|Any CPU
		{FEEF877A-BA7B-4377-9F85-3D43872C45EA}.Release|x86.ActiveCfg = Release|Any CPU
		{FEEF877A-BA7B-4377-9F85-3D43872C45EA}.Release|x86.Build.0 = Release|Any CPU
		{95569CF1-B21C-4544-AF14-90FF7BA5527C}.Debug|Any CPU.ActiveCfg = Debug|Any CPU
		{95569CF1-B21C-4544-AF14-90FF7BA5527C}.Debug|Any CPU.Build.0 = Debug|Any CPU
		{95569CF1-B21C-4544-AF14-90FF7BA5527C}.Debug|x64.ActiveCfg = Debug|Any CPU
		{95569CF1-B21C-4544-AF14-90FF7BA5527C}.Debug|x64.Build.0 = Debug|Any CPU
		{95569CF1-B21C-4544-AF14-90FF7BA5527C}.Debug|x86.ActiveCfg = Debug|Any CPU
		{95569CF1-B21C-4544-AF14-90FF7BA5527C}.Debug|x86.Build.0 = Debug|Any CPU
		{95569CF1-B21C-4544-AF14-90FF7BA5527C}.Release|Any CPU.ActiveCfg = Release|Any CPU
		{95569CF1-B21C-4544-AF14-90FF7BA5527C}.Release|Any CPU.Build.0 = Release|Any CPU
		{95569CF1-B21C-4544-AF14-90FF7BA5527C}.Release|x64.ActiveCfg = Release|Any CPU
		{95569CF1-B21C-4544-AF14-90FF7BA5527C}.Release|x64.Build.0 = Release|Any CPU
		{95569CF1-B21C-4544-AF14-90FF7BA5527C}.Release|x86.ActiveCfg = Release|Any CPU
		{95569CF1-B21C-4544-AF14-90FF7BA5527C}.Release|x86.Build.0 = Release|Any CPU
		{6401119C-671A-4F42-8B1F-DB6C3DE0B77D}.Debug|Any CPU.ActiveCfg = Debug|Any CPU
		{6401119C-671A-4F42-8B1F-DB6C3DE0B77D}.Debug|Any CPU.Build.0 = Debug|Any CPU
		{6401119C-671A-4F42-8B1F-DB6C3DE0B77D}.Debug|x64.ActiveCfg = Debug|Any CPU
		{6401119C-671A-4F42-8B1F-DB6C3DE0B77D}.Debug|x64.Build.0 = Debug|Any CPU
		{6401119C-671A-4F42-8B1F-DB6C3DE0B77D}.Debug|x86.ActiveCfg = Debug|Any CPU
		{6401119C-671A-4F42-8B1F-DB6C3DE0B77D}.Debug|x86.Build.0 = Debug|Any CPU
		{6401119C-671A-4F42-8B1F-DB6C3DE0B77D}.Release|Any CPU.ActiveCfg = Release|Any CPU
		{6401119C-671A-4F42-8B1F-DB6C3DE0B77D}.Release|Any CPU.Build.0 = Release|Any CPU
		{6401119C-671A-4F42-8B1F-DB6C3DE0B77D}.Release|x64.ActiveCfg = Release|Any CPU
		{6401119C-671A-4F42-8B1F-DB6C3DE0B77D}.Release|x64.Build.0 = Release|Any CPU
		{6401119C-671A-4F42-8B1F-DB6C3DE0B77D}.Release|x86.ActiveCfg = Release|Any CPU
		{6401119C-671A-4F42-8B1F-DB6C3DE0B77D}.Release|x86.Build.0 = Release|Any CPU
		{DCAF69B4-E932-4283-8836-CDC827B31135}.Debug|Any CPU.ActiveCfg = Debug|Any CPU
		{DCAF69B4-E932-4283-8836-CDC827B31135}.Debug|Any CPU.Build.0 = Debug|Any CPU
		{DCAF69B4-E932-4283-8836-CDC827B31135}.Debug|x64.ActiveCfg = Debug|Any CPU
		{DCAF69B4-E932-4283-8836-CDC827B31135}.Debug|x64.Build.0 = Debug|Any CPU
		{DCAF69B4-E932-4283-8836-CDC827B31135}.Debug|x86.ActiveCfg = Debug|Any CPU
		{DCAF69B4-E932-4283-8836-CDC827B31135}.Debug|x86.Build.0 = Debug|Any CPU
		{DCAF69B4-E932-4283-8836-CDC827B31135}.Release|Any CPU.ActiveCfg = Release|Any CPU
		{DCAF69B4-E932-4283-8836-CDC827B31135}.Release|Any CPU.Build.0 = Release|Any CPU
		{DCAF69B4-E932-4283-8836-CDC827B31135}.Release|x64.ActiveCfg = Release|Any CPU
		{DCAF69B4-E932-4283-8836-CDC827B31135}.Release|x64.Build.0 = Release|Any CPU
		{DCAF69B4-E932-4283-8836-CDC827B31135}.Release|x86.ActiveCfg = Release|Any CPU
		{DCAF69B4-E932-4283-8836-CDC827B31135}.Release|x86.Build.0 = Release|Any CPU
		{A2F11F83-1EB3-44D1-BE8F-8A5AB31A769C}.Debug|Any CPU.ActiveCfg = Debug|Any CPU
		{A2F11F83-1EB3-44D1-BE8F-8A5AB31A769C}.Debug|Any CPU.Build.0 = Debug|Any CPU
		{A2F11F83-1EB3-44D1-BE8F-8A5AB31A769C}.Debug|x64.ActiveCfg = Debug|Any CPU
		{A2F11F83-1EB3-44D1-BE8F-8A5AB31A769C}.Debug|x64.Build.0 = Debug|Any CPU
		{A2F11F83-1EB3-44D1-BE8F-8A5AB31A769C}.Debug|x86.ActiveCfg = Debug|Any CPU
		{A2F11F83-1EB3-44D1-BE8F-8A5AB31A769C}.Debug|x86.Build.0 = Debug|Any CPU
		{A2F11F83-1EB3-44D1-BE8F-8A5AB31A769C}.Release|Any CPU.ActiveCfg = Release|Any CPU
		{A2F11F83-1EB3-44D1-BE8F-8A5AB31A769C}.Release|Any CPU.Build.0 = Release|Any CPU
		{A2F11F83-1EB3-44D1-BE8F-8A5AB31A769C}.Release|x64.ActiveCfg = Release|Any CPU
		{A2F11F83-1EB3-44D1-BE8F-8A5AB31A769C}.Release|x64.Build.0 = Release|Any CPU
		{A2F11F83-1EB3-44D1-BE8F-8A5AB31A769C}.Release|x86.ActiveCfg = Release|Any CPU
		{A2F11F83-1EB3-44D1-BE8F-8A5AB31A769C}.Release|x86.Build.0 = Release|Any CPU
		{520220FB-B046-4456-A1E0-3882A4DFD218}.Debug|Any CPU.ActiveCfg = Debug|Any CPU
		{520220FB-B046-4456-A1E0-3882A4DFD218}.Debug|Any CPU.Build.0 = Debug|Any CPU
		{520220FB-B046-4456-A1E0-3882A4DFD218}.Debug|x64.ActiveCfg = Debug|Any CPU
		{520220FB-B046-4456-A1E0-3882A4DFD218}.Debug|x64.Build.0 = Debug|Any CPU
		{520220FB-B046-4456-A1E0-3882A4DFD218}.Debug|x86.ActiveCfg = Debug|Any CPU
		{520220FB-B046-4456-A1E0-3882A4DFD218}.Debug|x86.Build.0 = Debug|Any CPU
		{520220FB-B046-4456-A1E0-3882A4DFD218}.Release|Any CPU.ActiveCfg = Release|Any CPU
		{520220FB-B046-4456-A1E0-3882A4DFD218}.Release|Any CPU.Build.0 = Release|Any CPU
		{520220FB-B046-4456-A1E0-3882A4DFD218}.Release|x64.ActiveCfg = Release|Any CPU
		{520220FB-B046-4456-A1E0-3882A4DFD218}.Release|x64.Build.0 = Release|Any CPU
		{520220FB-B046-4456-A1E0-3882A4DFD218}.Release|x86.ActiveCfg = Release|Any CPU
		{520220FB-B046-4456-A1E0-3882A4DFD218}.Release|x86.Build.0 = Release|Any CPU
	EndGlobalSection
	GlobalSection(NestedProjects) = preSolution
		{C4C9A0D4-AB9D-4B06-8D12-554D45DD84B7} = {A43C9270-5B94-40EC-8B73-382DAE301F2C}
		{6152D850-B780-4EFA-9947-7EC074B1E54B} = {64406983-CC8F-4573-ADEC-F73F80FBFF0F}
		{AECCB7EB-C0F7-4592-A4A3-E0A60EE79CDC} = {A43C9270-5B94-40EC-8B73-382DAE301F2C}
		{076607E0-4F22-44FC-A715-D1656FED72CB} = {A43C9270-5B94-40EC-8B73-382DAE301F2C}
		{FEEF877A-BA7B-4377-9F85-3D43872C45EA} = {64406983-CC8F-4573-ADEC-F73F80FBFF0F}
		{95569CF1-B21C-4544-AF14-90FF7BA5527C} = {64406983-CC8F-4573-ADEC-F73F80FBFF0F}
		{6401119C-671A-4F42-8B1F-DB6C3DE0B77D} = {A43C9270-5B94-40EC-8B73-382DAE301F2C}
		{DCAF69B4-E932-4283-8836-CDC827B31135} = {A43C9270-5B94-40EC-8B73-382DAE301F2C}
		{A2F11F83-1EB3-44D1-BE8F-8A5AB31A769C} = {64406983-CC8F-4573-ADEC-F73F80FBFF0F}
		{520220FB-B046-4456-A1E0-3882A4DFD218} = {A43C9270-5B94-40EC-8B73-382DAE301F2C}
	EndGlobalSection
EndGlobal
